// !$*UTF8*$!
{
	archiveVersion = 1;
	classes = {
	};
	objectVersion = 46;
	objects = {

/* Begin PBXBuildFile section */
		19D907F21BF153EA004421FB /* main.m in Sources */ = {isa = PBXBuildFile; fileRef = 19D907F11BF153EA004421FB /* main.m */; };
		19D907F51BF153EA004421FB /* AppDelegate.m in Sources */ = {isa = PBXBuildFile; fileRef = 19D907F41BF153EA004421FB /* AppDelegate.m */; };
		19D907F81BF153EA004421FB /* ViewController.m in Sources */ = {isa = PBXBuildFile; fileRef = 19D907F71BF153EA004421FB /* ViewController.m */; };
		19D907FB1BF153EA004421FB /* Main.storyboard in Resources */ = {isa = PBXBuildFile; fileRef = 19D907F91BF153EA004421FB /* Main.storyboard */; };
		19D907FD1BF153EA004421FB /* Assets.xcassets in Resources */ = {isa = PBXBuildFile; fileRef = 19D907FC1BF153EA004421FB /* Assets.xcassets */; };
		19D908001BF153EA004421FB /* LaunchScreen.storyboard in Resources */ = {isa = PBXBuildFile; fileRef = 19D907FE1BF153EA004421FB /* LaunchScreen.storyboard */; };
		19D9080B1BF153EA004421FB /* storyboardingTests.m in Sources */ = {isa = PBXBuildFile; fileRef = 19D9080A1BF153EA004421FB /* storyboardingTests.m */; };
		19D908161BF153EB004421FB /* storyboardingUITests.m in Sources */ = {isa = PBXBuildFile; fileRef = 19D908151BF153EB004421FB /* storyboardingUITests.m */; };
/* End PBXBuildFile section */

/* Begin PBXContainerItemProxy section */
		19D908071BF153EA004421FB /* PBXContainerItemProxy */ = {
			isa = PBXContainerItemProxy;
			containerPortal = 19D907E51BF153EA004421FB /* Project object */;
			proxyType = 1;
			remoteGlobalIDString = 19D907EC1BF153EA004421FB;
			remoteInfo = storyboarding;
		};
		19D908121BF153EA004421FB /* PBXContainerItemProxy */ = {
			isa = PBXContainerItemProxy;
			containerPortal = 19D907E51BF153EA004421FB /* Project object */;
			proxyType = 1;
			remoteGlobalIDString = 19D907EC1BF153EA004421FB;
			remoteInfo = storyboarding;
		};
/* End PBXContainerItemProxy section */

/* Begin PBXFileReference section */
		19D907ED1BF153EA004421FB /* storyboarding.app */ = {isa = PBXFileReference; explicitFileType = wrapper.application; includeInIndex = 0; path = storyboarding.app; sourceTree = BUILT_PRODUCTS_DIR; };
		19D907F11BF153EA004421FB /* main.m */ = {isa = PBXFileReference; lastKnownFileType = sourcecode.c.objc; path = main.m; sourceTree = "<group>"; };
		19D907F31BF153EA004421FB /* AppDelegate.h */ = {isa = PBXFileReference; lastKnownFileType = sourcecode.c.h; path = AppDelegate.h; sourceTree = "<group>"; };
		19D907F41BF153EA004421FB /* AppDelegate.m */ = {isa = PBXFileReference; lastKnownFileType = sourcecode.c.objc; path = AppDelegate.m; sourceTree = "<group>"; };
		19D907F61BF153EA004421FB /* ViewController.h */ = {isa = PBXFileReference; lastKnownFileType = sourcecode.c.h; path = ViewController.h; sourceTree = "<group>"; };
		19D907F71BF153EA004421FB /* ViewController.m */ = {isa = PBXFileReference; lastKnownFileType = sourcecode.c.objc; path = ViewController.m; sourceTree = "<group>"; };
		19D907FA1BF153EA004421FB /* Base */ = {isa = PBXFileReference; lastKnownFileType = file.storyboard; name = Base; path = Base.lproj/Main.storyboard; sourceTree = "<group>"; };
		19D907FC1BF153EA004421FB /* Assets.xcassets */ = {isa = PBXFileReference; lastKnownFileType = folder.assetcatalog; path = Assets.xcassets; sourceTree = "<group>"; };
		19D907FF1BF153EA004421FB /* Base */ = {isa = PBXFileReference; lastKnownFileType = file.storyboard; name = Base; path = Base.lproj/LaunchScreen.storyboard; sourceTree = "<group>"; };
		19D908011BF153EA004421FB /* Info.plist */ = {isa = PBXFileReference; lastKnownFileType = text.plist.xml; path = Info.plist; sourceTree = "<group>"; };
		19D908061BF153EA004421FB /* storyboardingTests.xctest */ = {isa = PBXFileReference; explicitFileType = wrapper.cfbundle; includeInIndex = 0; path = storyboardingTests.xctest; sourceTree = BUILT_PRODUCTS_DIR; };
		19D9080A1BF153EA004421FB /* storyboardingTests.m */ = {isa = PBXFileReference; lastKnownFileType = sourcecode.c.objc; path = storyboardingTests.m; sourceTree = "<group>"; };
		19D9080C1BF153EA004421FB /* Info.plist */ = {isa = PBXFileReference; lastKnownFileType = text.plist.xml; path = Info.plist; sourceTree = "<group>"; };
		19D908111BF153EA004421FB /* storyboardingUITests.xctest */ = {isa = PBXFileReference; explicitFileType = wrapper.cfbundle; includeInIndex = 0; path = storyboardingUITests.xctest; sourceTree = BUILT_PRODUCTS_DIR; };
		19D908151BF153EB004421FB /* storyboardingUITests.m */ = {isa = PBXFileReference; lastKnownFileType = sourcecode.c.objc; path = storyboardingUITests.m; sourceTree = "<group>"; };
		19D908171BF153EB004421FB /* Info.plist */ = {isa = PBXFileReference; lastKnownFileType = text.plist.xml; path = Info.plist; sourceTree = "<group>"; };
/* End PBXFileReference section */

/* Begin PBXFrameworksBuildPhase section */
		19D907EA1BF153EA004421FB /* Frameworks */ = {
			isa = PBXFrameworksBuildPhase;
			buildActionMask = 2147483647;
			files = (
			);
			runOnlyForDeploymentPostprocessing = 0;
		};
		19D908031BF153EA004421FB /* Frameworks */ = {
			isa = PBXFrameworksBuildPhase;
			buildActionMask = 2147483647;
			files = (
			);
			runOnlyForDeploymentPostprocessing = 0;
		};
		19D9080E1BF153EA004421FB /* Frameworks */ = {
			isa = PBXFrameworksBuildPhase;
			buildActionMask = 2147483647;
			files = (
			);
			runOnlyForDeploymentPostprocessing = 0;
		};
/* End PBXFrameworksBuildPhase section */

/* Begin PBXGroup section */
		19D907E41BF153EA004421FB = {
			isa = PBXGroup;
			children = (
				19D907EF1BF153EA004421FB /* storyboarding */,
				19D908091BF153EA004421FB /* storyboardingTests */,
				19D908141BF153EB004421FB /* storyboardingUITests */,
				19D907EE1BF153EA004421FB /* Products */,
			);
			sourceTree = "<group>";
		};
		19D907EE1BF153EA004421FB /* Products */ = {
			isa = PBXGroup;
			children = (
				19D907ED1BF153EA004421FB /* storyboarding.app */,
				19D908061BF153EA004421FB /* storyboardingTests.xctest */,
				19D908111BF153EA004421FB /* storyboardingUITests.xctest */,
			);
			name = Products;
			sourceTree = "<group>";
		};
		19D907EF1BF153EA004421FB /* storyboarding */ = {
			isa = PBXGroup;
			children = (
				19D907F31BF153EA004421FB /* AppDelegate.h */,
				19D907F41BF153EA004421FB /* AppDelegate.m */,
				19D907F61BF153EA004421FB /* ViewController.h */,
				19D907F71BF153EA004421FB /* ViewController.m */,
				19D907F91BF153EA004421FB /* Main.storyboard */,
				19D907FC1BF153EA004421FB /* Assets.xcassets */,
				19D907FE1BF153EA004421FB /* LaunchScreen.storyboard */,
				19D908011BF153EA004421FB /* Info.plist */,
				19D907F01BF153EA004421FB /* Supporting Files */,
			);
			path = storyboarding;
			sourceTree = "<group>";
		};
		19D907F01BF153EA004421FB /* Supporting Files */ = {
			isa = PBXGroup;
			children = (
				19D907F11BF153EA004421FB /* main.m */,
			);
			name = "Supporting Files";
			sourceTree = "<group>";
		};
		19D908091BF153EA004421FB /* storyboardingTests */ = {
			isa = PBXGroup;
			children = (
				19D9080A1BF153EA004421FB /* storyboardingTests.m */,
				19D9080C1BF153EA004421FB /* Info.plist */,
			);
			path = storyboardingTests;
			sourceTree = "<group>";
		};
		19D908141BF153EB004421FB /* storyboardingUITests */ = {
			isa = PBXGroup;
			children = (
				19D908151BF153EB004421FB /* storyboardingUITests.m */,
				19D908171BF153EB004421FB /* Info.plist */,
			);
			path = storyboardingUITests;
			sourceTree = "<group>";
		};
/* End PBXGroup section */

/* Begin PBXNativeTarget section */
		19D907EC1BF153EA004421FB /* storyboarding */ = {
			isa = PBXNativeTarget;
			buildConfigurationList = 19D9081A1BF153EB004421FB /* Build configuration list for PBXNativeTarget "storyboarding" */;
			buildPhases = (
				19D907E91BF153EA004421FB /* Sources */,
				19D907EA1BF153EA004421FB /* Frameworks */,
				19D907EB1BF153EA004421FB /* Resources */,
			);
			buildRules = (
			);
			dependencies = (
			);
			name = storyboarding;
			productName = storyboarding;
			productReference = 19D907ED1BF153EA004421FB /* storyboarding.app */;
			productType = "com.apple.product-type.application";
		};
		19D908051BF153EA004421FB /* storyboardingTests */ = {
			isa = PBXNativeTarget;
			buildConfigurationList = 19D9081D1BF153EB004421FB /* Build configuration list for PBXNativeTarget "storyboardingTests" */;
			buildPhases = (
				19D908021BF153EA004421FB /* Sources */,
				19D908031BF153EA004421FB /* Frameworks */,
				19D908041BF153EA004421FB /* Resources */,
			);
			buildRules = (
			);
			dependencies = (
				19D908081BF153EA004421FB /* PBXTargetDependency */,
			);
			name = storyboardingTests;
			productName = storyboardingTests;
			productReference = 19D908061BF153EA004421FB /* storyboardingTests.xctest */;
			productType = "com.apple.product-type.bundle.unit-test";
		};
		19D908101BF153EA004421FB /* storyboardingUITests */ = {
			isa = PBXNativeTarget;
			buildConfigurationList = 19D908201BF153EB004421FB /* Build configuration list for PBXNativeTarget "storyboardingUITests" */;
			buildPhases = (
				19D9080D1BF153EA004421FB /* Sources */,
				19D9080E1BF153EA004421FB /* Frameworks */,
				19D9080F1BF153EA004421FB /* Resources */,
			);
			buildRules = (
			);
			dependencies = (
				19D908131BF153EA004421FB /* PBXTargetDependency */,
			);
			name = storyboardingUITests;
			productName = storyboardingUITests;
			productReference = 19D908111BF153EA004421FB /* storyboardingUITests.xctest */;
			productType = "com.apple.product-type.bundle.ui-testing";
		};
/* End PBXNativeTarget section */

/* Begin PBXProject section */
		19D907E51BF153EA004421FB /* Project object */ = {
			isa = PBXProject;
			attributes = {
				LastUpgradeCheck = 0700;
				ORGANIZATIONNAME = "YooJin Hong";
				TargetAttributes = {
					19D907EC1BF153EA004421FB = {
						CreatedOnToolsVersion = 7.0.1;
						DevelopmentTeam = BFXWBBS7R5;
					};
					19D908051BF153EA004421FB = {
						CreatedOnToolsVersion = 7.0.1;
						DevelopmentTeam = BFXWBBS7R5;
						TestTargetID = 19D907EC1BF153EA004421FB;
					};
					19D908101BF153EA004421FB = {
						CreatedOnToolsVersion = 7.0.1;
						DevelopmentTeam = BFXWBBS7R5;
						TestTargetID = 19D907EC1BF153EA004421FB;
					};
				};
			};
			buildConfigurationList = 19D907E81BF153EA004421FB /* Build configuration list for PBXProject "storyboarding" */;
			compatibilityVersion = "Xcode 3.2";
			developmentRegion = English;
			hasScannedForEncodings = 0;
			knownRegions = (
				en,
				Base,
			);
			mainGroup = 19D907E41BF153EA004421FB;
			productRefGroup = 19D907EE1BF153EA004421FB /* Products */;
			projectDirPath = "";
			projectRoot = "";
			targets = (
				19D907EC1BF153EA004421FB /* storyboarding */,
				19D908051BF153EA004421FB /* storyboardingTests */,
				19D908101BF153EA004421FB /* storyboardingUITests */,
			);
		};
/* End PBXProject section */

/* Begin PBXResourcesBuildPhase section */
		19D907EB1BF153EA004421FB /* Resources */ = {
			isa = PBXResourcesBuildPhase;
			buildActionMask = 2147483647;
			files = (
				19D908001BF153EA004421FB /* LaunchScreen.storyboard in Resources */,
				19D907FD1BF153EA004421FB /* Assets.xcassets in Resources */,
				19D907FB1BF153EA004421FB /* Main.storyboard in Resources */,
			);
			runOnlyForDeploymentPostprocessing = 0;
		};
		19D908041BF153EA004421FB /* Resources */ = {
			isa = PBXResourcesBuildPhase;
			buildActionMask = 2147483647;
			files = (
			);
			runOnlyForDeploymentPostprocessing = 0;
		};
		19D9080F1BF153EA004421FB /* Resources */ = {
			isa = PBXResourcesBuildPhase;
			buildActionMask = 2147483647;
			files = (
			);
			runOnlyForDeploymentPostprocessing = 0;
		};
/* End PBXResourcesBuildPhase section */

/* Begin PBXSourcesBuildPhase section */
		19D907E91BF153EA004421FB /* Sources */ = {
			isa = PBXSourcesBuildPhase;
			buildActionMask = 2147483647;
			files = (
				19D907F81BF153EA004421FB /* ViewController.m in Sources */,
				19D907F51BF153EA004421FB /* AppDelegate.m in Sources */,
				19D907F21BF153EA004421FB /* main.m in Sources */,
			);
			runOnlyForDeploymentPostprocessing = 0;
		};
		19D908021BF153EA004421FB /* Sources */ = {
			isa = PBXSourcesBuildPhase;
			buildActionMask = 2147483647;
			files = (
				19D9080B1BF153EA004421FB /* storyboardingTests.m in Sources */,
			);
			runOnlyForDeploymentPostprocessing = 0;
		};
		19D9080D1BF153EA004421FB /* Sources */ = {
			isa = PBXSourcesBuildPhase;
			buildActionMask = 2147483647;
			files = (
				19D908161BF153EB004421FB /* storyboardingUITests.m in Sources */,
			);
			runOnlyForDeploymentPostprocessing = 0;
		};
/* End PBXSourcesBuildPhase section */

/* Begin PBXTargetDependency section */
		19D908081BF153EA004421FB /* PBXTargetDependency */ = {
			isa = PBXTargetDependency;
			target = 19D907EC1BF153EA004421FB /* storyboarding */;
			targetProxy = 19D908071BF153EA004421FB /* PBXContainerItemProxy */;
		};
		19D908131BF153EA004421FB /* PBXTargetDependency */ = {
			isa = PBXTargetDependency;
			target = 19D907EC1BF153EA004421FB /* storyboarding */;
			targetProxy = 19D908121BF153EA004421FB /* PBXContainerItemProxy */;
		};
/* End PBXTargetDependency section */

/* Begin PBXVariantGroup section */
		19D907F91BF153EA004421FB /* Main.storyboard */ = {
			isa = PBXVariantGroup;
			children = (
				19D907FA1BF153EA004421FB /* Base */,
			);
			name = Main.storyboard;
			sourceTree = "<group>";
		};
		19D907FE1BF153EA004421FB /* LaunchScreen.storyboard */ = {
			isa = PBXVariantGroup;
			children = (
				19D907FF1BF153EA004421FB /* Base */,
			);
			name = LaunchScreen.storyboard;
			sourceTree = "<group>";
		};
/* End PBXVariantGroup section */

/* Begin XCBuildConfiguration section */
		19D908181BF153EB004421FB /* Debug */ = {
			isa = XCBuildConfiguration;
			buildSettings = {
				ALWAYS_SEARCH_USER_PATHS = NO;
				CLANG_CXX_LANGUAGE_STANDARD = "gnu++0x";
				CLANG_CXX_LIBRARY = "libc++";
				CLANG_ENABLE_MODULES = YES;
				CLANG_ENABLE_OBJC_ARC = YES;
				CLANG_WARN_BOOL_CONVERSION = YES;
				CLANG_WARN_CONSTANT_CONVERSION = YES;
				CLANG_WARN_DIRECT_OBJC_ISA_USAGE = YES_ERROR;
				CLANG_WARN_EMPTY_BODY = YES;
				CLANG_WARN_ENUM_CONVERSION = YES;
				CLANG_WARN_INT_CONVERSION = YES;
				CLANG_WARN_OBJC_ROOT_CLASS = YES_ERROR;
				CLANG_WARN_UNREACHABLE_CODE = YES;
				CLANG_WARN__DUPLICATE_METHOD_MATCH = YES;
				"CODE_SIGN_IDENTITY[sdk=iphoneos*]" = "iPhone Developer";
				COPY_PHASE_STRIP = NO;
				DEBUG_INFORMATION_FORMAT = dwarf;
				ENABLE_STRICT_OBJC_MSGSEND = YES;
				ENABLE_TESTABILITY = YES;
				GCC_C_LANGUAGE_STANDARD = gnu99;
				GCC_DYNAMIC_NO_PIC = NO;
				GCC_NO_COMMON_BLOCKS = YES;
				GCC_OPTIMIZATION_LEVEL = 0;
				GCC_PREPROCESSOR_DEFINITIONS = (
					"DEBUG=1",
					"$(inherited)",
				);
				GCC_WARN_64_TO_32_BIT_CONVERSION = YES;
				GCC_WARN_ABOUT_RETURN_TYPE = YES_ERROR;
				GCC_WARN_UNDECLARED_SELECTOR = YES;
				GCC_WARN_UNINITIALIZED_AUTOS = YES_AGGRESSIVE;
				GCC_WARN_UNUSED_FUNCTION = YES;
				GCC_WARN_UNUSED_VARIABLE = YES;
				IPHONEOS_DEPLOYMENT_TARGET = 9.0;
				MTL_ENABLE_DEBUG_INFO = YES;
				ONLY_ACTIVE_ARCH = YES;
				SDKROOT = iphoneos;
				TARGETED_DEVICE_FAMILY = "1,2";
			};
			name = Debug;
		};
		19D908191BF153EB004421FB /* Release */ = {
			isa = XCBuildConfiguration;
			buildSettings = {
				ALWAYS_SEARCH_USER_PATHS = NO;
				CLANG_CXX_LANGUAGE_STANDARD = "gnu++0x";
				CLANG_CXX_LIBRARY = "libc++";
				CLANG_ENABLE_MODULES = YES;
				CLANG_ENABLE_OBJC_ARC = YES;
				CLANG_WARN_BOOL_CONVERSION = YES;
				CLANG_WARN_CONSTANT_CONVERSION = YES;
				CLANG_WARN_DIRECT_OBJC_ISA_USAGE = YES_ERROR;
				CLANG_WARN_EMPTY_BODY = YES;
				CLANG_WARN_ENUM_CONVERSION = YES;
				CLANG_WARN_INT_CONVERSION = YES;
				CLANG_WARN_OBJC_ROOT_CLASS = YES_ERROR;
				CLANG_WARN_UNREACHABLE_CODE = YES;
				CLANG_WARN__DUPLICATE_METHOD_MATCH = YES;
				"CODE_SIGN_IDENTITY[sdk=iphoneos*]" = "iPhone Developer";
				COPY_PHASE_STRIP = NO;
				DEBUG_INFORMATION_FORMAT = "dwarf-with-dsym";
				ENABLE_NS_ASSERTIONS = NO;
				ENABLE_STRICT_OBJC_MSGSEND = YES;
				GCC_C_LANGUAGE_STANDARD = gnu99;
				GCC_NO_COMMON_BLOCKS = YES;
				GCC_WARN_64_TO_32_BIT_CONVERSION = YES;
				GCC_WARN_ABOUT_RETURN_TYPE = YES_ERROR;
				GCC_WARN_UNDECLARED_SELECTOR = YES;
				GCC_WARN_UNINITIALIZED_AUTOS = YES_AGGRESSIVE;
				GCC_WARN_UNUSED_FUNCTION = YES;
				GCC_WARN_UNUSED_VARIABLE = YES;
				IPHONEOS_DEPLOYMENT_TARGET = 9.0;
				MTL_ENABLE_DEBUG_INFO = NO;
				SDKROOT = iphoneos;
				TARGETED_DEVICE_FAMILY = "1,2";
				VALIDATE_PRODUCT = YES;
			};
			name = Release;
		};
		19D9081B1BF153EB004421FB /* Debug */ = {
			isa = XCBuildConfiguration;
			buildSettings = {
				ASSETCATALOG_COMPILER_APPICON_NAME = AppIcon;
				INFOPLIST_FILE = storyboarding/Info.plist;
				LD_RUNPATH_SEARCH_PATHS = "$(inherited) @executable_path/Frameworks";
				PRODUCT_BUNDLE_IDENTIFIER = com.yoojinhong.hello.storyboarding;
				PRODUCT_NAME = "$(TARGET_NAME)";
			};
			name = Debug;
		};
		19D9081C1BF153EB004421FB /* Release */ = {
			isa = XCBuildConfiguration;
			buildSettings = {
				ASSETCATALOG_COMPILER_APPICON_NAME = AppIcon;
				INFOPLIST_FILE = storyboarding/Info.plist;
				LD_RUNPATH_SEARCH_PATHS = "$(inherited) @executable_path/Frameworks";
				PRODUCT_BUNDLE_IDENTIFIER = com.yoojinhong.hello.storyboarding;
				PRODUCT_NAME = "$(TARGET_NAME)";
			};
			name = Release;
		};
		19D9081E1BF153EB004421FB /* Debug */ = {
			isa = XCBuildConfiguration;
			buildSettings = {
				BUNDLE_LOADER = "$(TEST_HOST)";
				INFOPLIST_FILE = storyboardingTests/Info.plist;
				LD_RUNPATH_SEARCH_PATHS = "$(inherited) @executable_path/Frameworks @loader_path/Frameworks";
				PRODUCT_BUNDLE_IDENTIFIER = com.yoojinhong.hello.storyboardingTests;
				PRODUCT_NAME = "$(TARGET_NAME)";
				TEST_HOST = "$(BUILT_PRODUCTS_DIR)/storyboarding.app/storyboarding";
			};
			name = Debug;
		};
		19D9081F1BF153EB004421FB /* Release */ = {
			isa = XCBuildConfiguration;
			buildSettings = {
				BUNDLE_LOADER = "$(TEST_HOST)";
				INFOPLIST_FILE = storyboardingTests/Info.plist;
				LD_RUNPATH_SEARCH_PATHS = "$(inherited) @executable_path/Frameworks @loader_path/Frameworks";
				PRODUCT_BUNDLE_IDENTIFIER = com.yoojinhong.hello.storyboardingTests;
				PRODUCT_NAME = "$(TARGET_NAME)";
				TEST_HOST = "$(BUILT_PRODUCTS_DIR)/storyboarding.app/storyboarding";
			};
			name = Release;
		};
		19D908211BF153EB004421FB /* Debug */ = {
			isa = XCBuildConfiguration;
			buildSettings = {
				INFOPLIST_FILE = storyboardingUITests/Info.plist;
				LD_RUNPATH_SEARCH_PATHS = "$(inherited) @executable_path/Frameworks @loader_path/Frameworks";
				PRODUCT_BUNDLE_IDENTIFIER = com.yoojinhong.hello.storyboardingUITests;
				PRODUCT_NAME = "$(TARGET_NAME)";
				TEST_TARGET_NAME = storyboarding;
				USES_XCTRUNNER = YES;
			};
			name = Debug;
		};
		19D908221BF153EB004421FB /* Release */ = {
			isa = XCBuildConfiguration;
			buildSettings = {
				INFOPLIST_FILE = storyboardingUITests/Info.plist;
				LD_RUNPATH_SEARCH_PATHS = "$(inherited) @executable_path/Frameworks @loader_path/Frameworks";
				PRODUCT_BUNDLE_IDENTIFIER = com.yoojinhong.hello.storyboardingUITests;
				PRODUCT_NAME = "$(TARGET_NAME)";
				TEST_TARGET_NAME = storyboarding;
				USES_XCTRUNNER = YES;
			};
			name = Release;
		};
/* End XCBuildConfiguration section */

/* Begin XCConfigurationList section */
		19D907E81BF153EA004421FB /* Build configuration list for PBXProject "storyboarding" */ = {
			isa = XCConfigurationList;
			buildConfigurations = (
				19D908181BF153EB004421FB /* Debug */,
				19D908191BF153EB004421FB /* Release */,
			);
			defaultConfigurationIsVisible = 0;
			defaultConfigurationName = Release;
		};
		19D9081A1BF153EB004421FB /* Build configuration list for PBXNativeTarget "storyboarding" */ = {
			isa = XCConfigurationList;
			buildConfigurations = (
				19D9081B1BF153EB004421FB /* Debug */,
				19D9081C1BF153EB004421FB /* Release */,
			);
			defaultConfigurationIsVisible = 0;
		};
		19D9081D1BF153EB004421FB /* Build configuration list for PBXNativeTarget "storyboardingTests" */ = {
			isa = XCConfigurationList;
			buildConfigurations = (
				19D9081E1BF153EB004421FB /* Debug */,
				19D9081F1BF153EB004421FB /* Release */,
			);
			defaultConfigurationIsVisible = 0;
		};
		19D908201BF153EB004421FB /* Build configuration list for PBXNativeTarget "storyboardingUITests" */ = {
			isa = XCConfigurationList;
			buildConfigurations = (
				19D908211BF153EB004421FB /* Debug */,
				19D908221BF153EB004421FB /* Release */,
			);
			defaultConfigurationIsVisible = 0;
		};
/* End XCConfigurationList section */
	};
	rootObject = 19D907E51BF153EA004421FB /* Project object */;
}
